dependencies:
- name: postgresql
  repository: https://charts.bitnami.com/bitnami
  version: 16.1.0
- name: timescaledb-single
  repository: https://charts.fairwinds.com/incubator
  version: 0.33.7
- name: nginx
  repository: https://charts.bitnami.com/bitnami
  version: 18.3.1
digest: sha256:378e9bdb026ed5b4e9679066ce5014009fdb587ac081e83f3070dca58159b0d8
generated: "2024-12-30T17:37:22.501873+01:00"
